
Microsoft Visual Studio Solution File, Format Version 12.00
# Visual Studio 15
VisualStudioVersion = 15.0.28010.2036
MinimumVisualStudioVersion = 10.0.40219.1
Project("{E24C65DC-7377-472B-9ABA-BC803B73C61A}") = "HTMLTESTING", ".", "{6B13EBEC-6E7F-4622-8BC7-3EF8EB1A046A}"
	ProjectSection(WebsiteProperties) = preProject
		TargetFrameworkMoniker = ".NETFramework,Version%3Dv4.0"
		Debug.AspNetCompiler.VirtualPath = "/localhost_60983"
		Debug.AspNetCompiler.PhysicalPath = "..\HTMLTESTING\"
		Debug.AspNetCompiler.TargetPath = "PrecompiledWeb\localhost_60983\"
		Debug.AspNetCompiler.Updateable = "true"
		Debug.AspNetCompiler.ForceOverwrite = "true"
		Debug.AspNetCompiler.FixedNames = "false"
		Debug.AspNetCompiler.Debug = "True"
		Release.AspNetCompiler.VirtualPath = "/localhost_60983"
		Release.AspNetCompiler.PhysicalPath = "..\HTMLTESTING\"
		Release.AspNetCompiler.TargetPath = "PrecompiledWeb\localhost_60983\"
		Release.AspNetCompiler.Updateable = "true"
		Release.AspNetCompiler.ForceOverwrite = "true"
		Release.AspNetCompiler.FixedNames = "false"
		Release.AspNetCompiler.Debug = "False"
		VWDPort = "60983"
	EndProjectSection
EndProject
Global
	GlobalSection(SolutionConfigurationPlatforms) = preSolution
		Debug|Any CPU = Debug|Any CPU
	EndGlobalSection
	GlobalSection(ProjectConfigurationPlatforms) = postSolution
		{6B13EBEC-6E7F-4622-8BC7-3EF8EB1A046A}.Debug|Any CPU.ActiveCfg = Debug|Any CPU
		{6B13EBEC-6E7F-4622-8BC7-3EF8EB1A046A}.Debug|Any CPU.Build.0 = Debug|Any CPU
	EndGlobalSection
	GlobalSection(SolutionProperties) = preSolution
		HideSolutionNode = FALSE
	EndGlobalSection
	GlobalSection(ExtensibilityGlobals) = postSolution
		SolutionGuid = {BFFD5745-86BA-4A75-B50F-318D659DE423}
	EndGlobalSection
EndGlobal
